
Microsoft Visual Studio Solution File, Format Version 12.00
# Visual Studio Version 16
VisualStudioVersion = 16.0.30413.136
MinimumVisualStudioVersion = 10.0.40219.1
Project("{8BC9CEB8-8B4A-11D0-8D11-00A0C91BC942}") = "Enero2020", "Enero2020\Enero2020.vcxproj", "{C6F544B1-7765-4E9B-9A73-D3246A6D1BAF}"
EndProject
Global
	GlobalSection(SolutionConfigurationPlatforms) = preSolution
		Debug|x64 = Debug|x64
		Debug|x86 = Debug|x86
		Release|x64 = Release|x64
		Release|x86 = Release|x86
	EndGlobalSection
	GlobalSection(ProjectConfigurationPlatforms) = postSolution
		{C6F544B1-7765-4E9B-9A73-D3246A6D1BAF}.Debug|x64.ActiveCfg = Debug|x64
		{C6F544B1-7765-4E9B-9A73-D3246A6D1BAF}.Debug|x64.Build.0 = Debug|x64
		{C6F544B1-7765-4E9B-9A73-D3246A6D1BAF}.Debug|x86.ActiveCfg = Debug|Win32
		{C6F544B1-7765-4E9B-9A73-D3246A6D1BAF}.Debug|x86.Build.0 = Debug|Win32
		{C6F544B1-7765-4E9B-9A73-D3246A6D1BAF}.Release|x64.ActiveCfg = Release|x64
		{C6F544B1-7765-4E9B-9A73-D3246A6D1BAF}.Release|x64.Build.0 = Release|x64
		{C6F544B1-7765-4E9B-9A73-D3246A6D1BAF}.Release|x86.ActiveCfg = Release|Win32
		{C6F544B1-7765-4E9B-9A73-D3246A6D1BAF}.Release|x86.Build.0 = Release|Win32
	EndGlobalSection
	GlobalSection(SolutionProperties) = preSolution
		HideSolutionNode = FALSE
	EndGlobalSection
	GlobalSection(ExtensibilityGlobals) = postSolution
		SolutionGuid = {69B4C961-2E9C-4CF4-90D9-8BC464D6D1D3}
	EndGlobalSection
EndGlobal
